
Microsoft Visual Studio Solution File, Format Version 12.00
# Visual Studio 15
VisualStudioVersion = 15.0.28307.271
MinimumVisualStudioVersion = 10.0.40219.1
Project("{FAE04EC0-301F-11D3-BF4B-00C04F79EFBC}") = "CoreSample", "CoreSample\CoreSample.csproj", "{C5285D7C-2B16-4DBE-BE4C-45FAC54B21E5}"
EndProject
Global
	GlobalSection(SolutionConfigurationPlatforms) = preSolution
		Debug|Any CPU = Debug|Any CPU
		Release|Any CPU = Release|Any CPU
	EndGlobalSection
	GlobalSection(ProjectConfigurationPlatforms) = postSolution
		{C5285D7C-2B16-4DBE-BE4C-45FAC54B21E5}.Debug|Any CPU.ActiveCfg = Debug|Any CPU
		{C5285D7C-2B16-4DBE-BE4C-45FAC54B21E5}.Debug|Any CPU.Build.0 = Debug|Any CPU
		{C5285D7C-2B16-4DBE-BE4C-45FAC54B21E5}.Release|Any CPU.ActiveCfg = Release|Any CPU
		{C5285D7C-2B16-4DBE-BE4C-45FAC54B21E5}.Release|Any CPU.Build.0 = Release|Any CPU
	EndGlobalSection
	GlobalSection(SolutionProperties) = preSolution
		HideSolutionNode = FALSE
	EndGlobalSection
	GlobalSection(ExtensibilityGlobals) = postSolution
		SolutionGuid = {632D75E2-E69D-444E-9435-2FB961D2EAC6}
	EndGlobalSection
EndGlobal
